
Microsoft Visual Studio Solution File, Format Version 12.00
# Visual Studio Version 16
VisualStudioVersion = 16.0.30413.136
MinimumVisualStudioVersion = 10.0.40219.1
Project("{FAE04EC0-301F-11D3-BF4B-00C04F79EFBC}") = "PBsteele", "PBsteele.csproj", "{CE41C6CE-1F14-4F26-9D01-2FB53CE34DA4}"
EndProject
Global
	GlobalSection(SolutionConfigurationPlatforms) = preSolution
		Debug|Any CPU = Debug|Any CPU
		Release|Any CPU = Release|Any CPU
	EndGlobalSection
	GlobalSection(ProjectConfigurationPlatforms) = postSolution
		{CE41C6CE-1F14-4F26-9D01-2FB53CE34DA4}.Debug|Any CPU.ActiveCfg = Debug|Any CPU
		{CE41C6CE-1F14-4F26-9D01-2FB53CE34DA4}.Debug|Any CPU.Build.0 = Debug|Any CPU
		{CE41C6CE-1F14-4F26-9D01-2FB53CE34DA4}.Release|Any CPU.ActiveCfg = Release|Any CPU
		{CE41C6CE-1F14-4F26-9D01-2FB53CE34DA4}.Release|Any CPU.Build.0 = Release|Any CPU
	EndGlobalSection
	GlobalSection(SolutionProperties) = preSolution
		HideSolutionNode = FALSE
	EndGlobalSection
	GlobalSection(ExtensibilityGlobals) = postSolution
		SolutionGuid = {A7B910C4-57AB-4623-A06C-593C52DFDF34}
	EndGlobalSection
EndGlobal
